// !$*UTF8*$!
{
	archiveVersion = 1;
	classes = {
	};
	objectVersion = 46;
	objects = {

/* Begin PBXBuildFile section */
		4705F2BF1AAB6652004486FD /* CryptoString.swift in Sources */ = {isa = PBXBuildFile; fileRef = 4705F2BE1AAB6652004486FD /* CryptoString.swift */; };
		4705F2C31AAB8532004486FD /* Converter.swift in Sources */ = {isa = PBXBuildFile; fileRef = 4705F2C21AAB8532004486FD /* Converter.swift */; };
		470B024D1A9F1BED00AD00DB /* Entity.swift in Sources */ = {isa = PBXBuildFile; fileRef = 470B024C1A9F1BED00AD00DB /* Entity.swift */; };
		470B024F1A9F224300AD00DB /* AppManagerViewController.swift in Sources */ = {isa = PBXBuildFile; fileRef = 470B024E1A9F224300AD00DB /* AppManagerViewController.swift */; };
		470B4B8B1AB76D8600CCE1BD /* DatabaseService.swift in Sources */ = {isa = PBXBuildFile; fileRef = 470B4B8A1AB76D8600CCE1BD /* DatabaseService.swift */; };
		471426B41A9E65C700D72128 /* ConfirmPasswordViewController.swift in Sources */ = {isa = PBXBuildFile; fileRef = 471426B31A9E65C700D72128 /* ConfirmPasswordViewController.swift */; };
		4714F3C51A9F4EA9005FB8F5 /* SettingViewController.swift in Sources */ = {isa = PBXBuildFile; fileRef = 4714F3C41A9F4EA9005FB8F5 /* SettingViewController.swift */; };
		4714F3C71A9F501F005FB8F5 /* OTPViewController.swift in Sources */ = {isa = PBXBuildFile; fileRef = 4714F3C61A9F501F005FB8F5 /* OTPViewController.swift */; };
		47CA2E161A9DE88A00AA17E3 /* ConfigEntity.swift in Sources */ = {isa = PBXBuildFile; fileRef = 47CA2E151A9DE88A00AA17E3 /* ConfigEntity.swift */; };
		47CA2E191A9DE8A500AA17E3 /* SecuOTP_Application.xcdatamodeld in Sources */ = {isa = PBXBuildFile; fileRef = 47CA2E171A9DE8A500AA17E3 /* SecuOTP_Application.xcdatamodeld */; };
		47CA2E241A9DEBFE00AA17E3 /* ContentPageViewController.swift in Sources */ = {isa = PBXBuildFile; fileRef = 47CA2E221A9DEBFE00AA17E3 /* ContentPageViewController.swift */; };
		47CA2E281A9DFA9D00AA17E3 /* LoginViewController.swift in Sources */ = {isa = PBXBuildFile; fileRef = 47CA2E271A9DFA9D00AA17E3 /* LoginViewController.swift */; };
		47CA2E2A1A9DFB6D00AA17E3 /* CoreData.framework in Frameworks */ = {isa = PBXBuildFile; fileRef = 47CA2E291A9DFB6D00AA17E3 /* CoreData.framework */; };
		47CA2E2C1A9E021600AA17E3 /* CreatePasswordViewController.swift in Sources */ = {isa = PBXBuildFile; fileRef = 47CA2E2B1A9E021600AA17E3 /* CreatePasswordViewController.swift */; };
		47CE28451AC180C600BC93DD /* CXHTMLDocument.m in Sources */ = {isa = PBXBuildFile; fileRef = 47CE28301AC180C600BC93DD /* CXHTMLDocument.m */; };
		47CE28461AC180C600BC93DD /* CXMLDocument_PrivateExtensions.m in Sources */ = {isa = PBXBuildFile; fileRef = 47CE28321AC180C600BC93DD /* CXMLDocument_PrivateExtensions.m */; };
		47CE28471AC180C600BC93DD /* CXMLDocument.m in Sources */ = {isa = PBXBuildFile; fileRef = 47CE28341AC180C600BC93DD /* CXMLDocument.m */; };
		47CE28481AC180C600BC93DD /* CXMLElement_CreationExtensions.m in Sources */ = {isa = PBXBuildFile; fileRef = 47CE28361AC180C600BC93DD /* CXMLElement_CreationExtensions.m */; };
		47CE28491AC180C600BC93DD /* CXMLElement_ElementTreeExtensions.m in Sources */ = {isa = PBXBuildFile; fileRef = 47CE28381AC180C600BC93DD /* CXMLElement_ElementTreeExtensions.m */; };
		47CE284A1AC180C600BC93DD /* CXMLElement.m in Sources */ = {isa = PBXBuildFile; fileRef = 47CE283A1AC180C600BC93DD /* CXMLElement.m */; };
		47CE284B1AC180C600BC93DD /* CXMLNamespaceNode.m in Sources */ = {isa = PBXBuildFile; fileRef = 47CE283C1AC180C600BC93DD /* CXMLNamespaceNode.m */; };
		47CE284C1AC180C600BC93DD /* CXMLNode_PrivateExtensions.m in Sources */ = {isa = PBXBuildFile; fileRef = 47CE283E1AC180C600BC93DD /* CXMLNode_PrivateExtensions.m */; };
		47CE284D1AC180C600BC93DD /* CXMLNode_XPathExtensions.m in Sources */ = {isa = PBXBuildFile; fileRef = 47CE28401AC180C600BC93DD /* CXMLNode_XPathExtensions.m */; };
		47CE284E1AC180C600BC93DD /* CXMLNode.m in Sources */ = {isa = PBXBuildFile; fileRef = 47CE28421AC180C600BC93DD /* CXMLNode.m */; };
		47CE284F1AC180C600BC93DD /* Tidy in Resources */ = {isa = PBXBuildFile; fileRef = 47CE28431AC180C600BC93DD /* Tidy */; };
		47CE28541AC180DF00BC93DD /* CXMLDocument_CreationExtensions.m in Sources */ = {isa = PBXBuildFile; fileRef = 47CE28511AC180DF00BC93DD /* CXMLDocument_CreationExtensions.m */; };
		47CE28551AC180DF00BC93DD /* CXMLNode_CreationExtensions.m in Sources */ = {isa = PBXBuildFile; fileRef = 47CE28531AC180DF00BC93DD /* CXMLNode_CreationExtensions.m */; };
		47D48BBC1AB463C5000F4254 /* AddApplicationViewController.swift in Sources */ = {isa = PBXBuildFile; fileRef = 47D48BBB1AB463C5000F4254 /* AddApplicationViewController.swift */; };
		47E1B9D71A9C7CC6007FCC8B /* AppDelegate.swift in Sources */ = {isa = PBXBuildFile; fileRef = 47E1B9D61A9C7CC6007FCC8B /* AppDelegate.swift */; };
		47E1B9DC1A9C7CC6007FCC8B /* StartViewController.swift in Sources */ = {isa = PBXBuildFile; fileRef = 47E1B9DB1A9C7CC6007FCC8B /* StartViewController.swift */; };
		47E1B9DF1A9C7CC6007FCC8B /* Main.storyboard in Resources */ = {isa = PBXBuildFile; fileRef = 47E1B9DD1A9C7CC6007FCC8B /* Main.storyboard */; };
		47E1B9E11A9C7CC6007FCC8B /* Images.xcassets in Resources */ = {isa = PBXBuildFile; fileRef = 47E1B9E01A9C7CC6007FCC8B /* Images.xcassets */; };
		47E1B9F01A9C7CC6007FCC8B /* SecuOTP_ApplicationTests.swift in Sources */ = {isa = PBXBuildFile; fileRef = 47E1B9EF1A9C7CC6007FCC8B /* SecuOTP_ApplicationTests.swift */; };
		47F2E72C1AB6D73E00140355 /* WebService.swift in Sources */ = {isa = PBXBuildFile; fileRef = 47F2E72B1AB6D73E00140355 /* WebService.swift */; };
/* End PBXBuildFile section */

/* Begin PBXContainerItemProxy section */
		47E1B9EA1A9C7CC6007FCC8B /* PBXContainerItemProxy */ = {
			isa = PBXContainerItemProxy;
			containerPortal = 47E1B9C91A9C7CC6007FCC8B /* Project object */;
			proxyType = 1;
			remoteGlobalIDString = 47E1B9D01A9C7CC6007FCC8B;
			remoteInfo = "SecuOTP Application";
		};
/* End PBXContainerItemProxy section */

/* Begin PBXFileReference section */
		4705F2BE1AAB6652004486FD /* CryptoString.swift */ = {isa = PBXFileReference; fileEncoding = 4; lastKnownFileType = sourcecode.swift; path = CryptoString.swift; sourceTree = "<group>"; };
		4705F2C21AAB8532004486FD /* Converter.swift */ = {isa = PBXFileReference; fileEncoding = 4; lastKnownFileType = sourcecode.swift; path = Converter.swift; sourceTree = "<group>"; };
		470B024C1A9F1BED00AD00DB /* Entity.swift */ = {isa = PBXFileReference; fileEncoding = 4; lastKnownFileType = sourcecode.swift; path = Entity.swift; sourceTree = "<group>"; };
		470B024E1A9F224300AD00DB /* AppManagerViewController.swift */ = {isa = PBXFileReference; fileEncoding = 4; lastKnownFileType = sourcecode.swift; path = AppManagerViewController.swift; sourceTree = "<group>"; };
		470B4B8A1AB76D8600CCE1BD /* DatabaseService.swift */ = {isa = PBXFileReference; fileEncoding = 4; lastKnownFileType = sourcecode.swift; path = DatabaseService.swift; sourceTree = "<group>"; };
		471426B31A9E65C700D72128 /* ConfirmPasswordViewController.swift */ = {isa = PBXFileReference; fileEncoding = 4; lastKnownFileType = sourcecode.swift; path = ConfirmPasswordViewController.swift; sourceTree = "<group>"; };
		4714F3C41A9F4EA9005FB8F5 /* SettingViewController.swift */ = {isa = PBXFileReference; fileEncoding = 4; lastKnownFileType = sourcecode.swift; path = SettingViewController.swift; sourceTree = "<group>"; };
		4714F3C61A9F501F005FB8F5 /* OTPViewController.swift */ = {isa = PBXFileReference; fileEncoding = 4; lastKnownFileType = sourcecode.swift; path = OTPViewController.swift; sourceTree = "<group>"; };
		47C1F3061AA09CE400A21966 /* SecuOTP Application-Bridging-Header.h */ = {isa = PBXFileReference; lastKnownFileType = sourcecode.c.h; path = "SecuOTP Application-Bridging-Header.h"; sourceTree = "<group>"; };
		47CA2E151A9DE88A00AA17E3 /* ConfigEntity.swift */ = {isa = PBXFileReference; fileEncoding = 4; lastKnownFileType = sourcecode.swift; path = ConfigEntity.swift; sourceTree = "<group>"; };
		47CA2E181A9DE8A500AA17E3 /* SecuOTP_Application.xcdatamodel */ = {isa = PBXFileReference; lastKnownFileType = wrapper.xcdatamodel; path = SecuOTP_Application.xcdatamodel; sourceTree = "<group>"; };
		47CA2E221A9DEBFE00AA17E3 /* ContentPageViewController.swift */ = {isa = PBXFileReference; fileEncoding = 4; lastKnownFileType = sourcecode.swift; path = ContentPageViewController.swift; sourceTree = "<group>"; };
		47CA2E271A9DFA9D00AA17E3 /* LoginViewController.swift */ = {isa = PBXFileReference; fileEncoding = 4; lastKnownFileType = sourcecode.swift; path = LoginViewController.swift; sourceTree = "<group>"; };
		47CA2E291A9DFB6D00AA17E3 /* CoreData.framework */ = {isa = PBXFileReference; lastKnownFileType = wrapper.framework; name = CoreData.framework; path = System/Library/Frameworks/CoreData.framework; sourceTree = SDKROOT; };
		47CA2E2B1A9E021600AA17E3 /* CreatePasswordViewController.swift */ = {isa = PBXFileReference; fileEncoding = 4; lastKnownFileType = sourcecode.swift; path = CreatePasswordViewController.swift; sourceTree = "<group>"; };
		47CE282F1AC180C600BC93DD /* CXHTMLDocument.h */ = {isa = PBXFileReference; fileEncoding = 4; lastKnownFileType = sourcecode.c.h; path = CXHTMLDocument.h; sourceTree = "<group>"; };
		47CE28301AC180C600BC93DD /* CXHTMLDocument.m */ = {isa = PBXFileReference; fileEncoding = 4; lastKnownFileType = sourcecode.c.objc; path = CXHTMLDocument.m; sourceTree = "<group>"; };
		47CE28311AC180C600BC93DD /* CXMLDocument_PrivateExtensions.h */ = {isa = PBXFileReference; fileEncoding = 4; lastKnownFileType = sourcecode.c.h; path = CXMLDocument_PrivateExtensions.h; sourceTree = "<group>"; };
		47CE28321AC180C600BC93DD /* CXMLDocument_PrivateExtensions.m */ = {isa = PBXFileReference; fileEncoding = 4; lastKnownFileType = sourcecode.c.objc; path = CXMLDocument_PrivateExtensions.m; sourceTree = "<group>"; };
		47CE28331AC180C600BC93DD /* CXMLDocument.h */ = {isa = PBXFileReference; fileEncoding = 4; lastKnownFileType = sourcecode.c.h; path = CXMLDocument.h; sourceTree = "<group>"; };
		47CE28341AC180C600BC93DD /* CXMLDocument.m */ = {isa = PBXFileReference; fileEncoding = 4; lastKnownFileType = sourcecode.c.objc; path = CXMLDocument.m; sourceTree = "<group>"; };
		47CE28351AC180C600BC93DD /* CXMLElement_CreationExtensions.h */ = {isa = PBXFileReference; fileEncoding = 4; lastKnownFileType = sourcecode.c.h; path = CXMLElement_CreationExtensions.h; sourceTree = "<group>"; };
		47CE28361AC180C600BC93DD /* CXMLElement_CreationExtensions.m */ = {isa = PBXFileReference; fileEncoding = 4; lastKnownFileType = sourcecode.c.objc; path = CXMLElement_CreationExtensions.m; sourceTree = "<group>"; };
		47CE28371AC180C600BC93DD /* CXMLElement_ElementTreeExtensions.h */ = {isa = PBXFileReference; fileEncoding = 4; lastKnownFileType = sourcecode.c.h; path = CXMLElement_ElementTreeExtensions.h; sourceTree = "<group>"; };
		47CE28381AC180C600BC93DD /* CXMLElement_ElementTreeExtensions.m */ = {isa = PBXFileReference; fileEncoding = 4; lastKnownFileType = sourcecode.c.objc; path = CXMLElement_ElementTreeExtensions.m; sourceTree = "<group>"; };
		47CE28391AC180C600BC93DD /* CXMLElement.h */ = {isa = PBXFileReference; fileEncoding = 4; lastKnownFileType = sourcecode.c.h; path = CXMLElement.h; sourceTree = "<group>"; };
		47CE283A1AC180C600BC93DD /* CXMLElement.m */ = {isa = PBXFileReference; fileEncoding = 4; lastKnownFileType = sourcecode.c.objc; path = CXMLElement.m; sourceTree = "<group>"; };
		47CE283B1AC180C600BC93DD /* CXMLNamespaceNode.h */ = {isa = PBXFileReference; fileEncoding = 4; lastKnownFileType = sourcecode.c.h; path = CXMLNamespaceNode.h; sourceTree = "<group>"; };
		47CE283C1AC180C600BC93DD /* CXMLNamespaceNode.m */ = {isa = PBXFileReference; fileEncoding = 4; lastKnownFileType = sourcecode.c.objc; path = CXMLNamespaceNode.m; sourceTree = "<group>"; };
		47CE283D1AC180C600BC93DD /* CXMLNode_PrivateExtensions.h */ = {isa = PBXFileReference; fileEncoding = 4; lastKnownFileType = sourcecode.c.h; path = CXMLNode_PrivateExtensions.h; sourceTree = "<group>"; };
		47CE283E1AC180C600BC93DD /* CXMLNode_PrivateExtensions.m */ = {isa = PBXFileReference; fileEncoding = 4; lastKnownFileType = sourcecode.c.objc; path = CXMLNode_PrivateExtensions.m; sourceTree = "<group>"; };
		47CE283F1AC180C600BC93DD /* CXMLNode_XPathExtensions.h */ = {isa = PBXFileReference; fileEncoding = 4; lastKnownFileType = sourcecode.c.h; path = CXMLNode_XPathExtensions.h; sourceTree = "<group>"; };
		47CE28401AC180C600BC93DD /* CXMLNode_XPathExtensions.m */ = {isa = PBXFileReference; fileEncoding = 4; lastKnownFileType = sourcecode.c.objc; path = CXMLNode_XPathExtensions.m; sourceTree = "<group>"; };
		47CE28411AC180C600BC93DD /* CXMLNode.h */ = {isa = PBXFileReference; fileEncoding = 4; lastKnownFileType = sourcecode.c.h; path = CXMLNode.h; sourceTree = "<group>"; };
		47CE28421AC180C600BC93DD /* CXMLNode.m */ = {isa = PBXFileReference; fileEncoding = 4; lastKnownFileType = sourcecode.c.objc; path = CXMLNode.m; sourceTree = "<group>"; };
		47CE28431AC180C600BC93DD /* Tidy */ = {isa = PBXFileReference; lastKnownFileType = folder; path = Tidy; sourceTree = "<group>"; };
		47CE28441AC180C600BC93DD /* TouchXML.h */ = {isa = PBXFileReference; fileEncoding = 4; lastKnownFileType = sourcecode.c.h; path = TouchXML.h; sourceTree = "<group>"; };
		47CE28501AC180DF00BC93DD /* CXMLDocument_CreationExtensions.h */ = {isa = PBXFileReference; fileEncoding = 4; lastKnownFileType = sourcecode.c.h; path = CXMLDocument_CreationExtensions.h; sourceTree = "<group>"; };
		47CE28511AC180DF00BC93DD /* CXMLDocument_CreationExtensions.m */ = {isa = PBXFileReference; fileEncoding = 4; lastKnownFileType = sourcecode.c.objc; path = CXMLDocument_CreationExtensions.m; sourceTree = "<group>"; };
		47CE28521AC180DF00BC93DD /* CXMLNode_CreationExtensions.h */ = {isa = PBXFileReference; fileEncoding = 4; lastKnownFileType = sourcecode.c.h; path = CXMLNode_CreationExtensions.h; sourceTree = "<group>"; };
		47CE28531AC180DF00BC93DD /* CXMLNode_CreationExtensions.m */ = {isa = PBXFileReference; fileEncoding = 4; lastKnownFileType = sourcecode.c.objc; path = CXMLNode_CreationExtensions.m; sourceTree = "<group>"; };
		47D48BBB1AB463C5000F4254 /* AddApplicationViewController.swift */ = {isa = PBXFileReference; fileEncoding = 4; lastKnownFileType = sourcecode.swift; path = AddApplicationViewController.swift; sourceTree = "<group>"; };
		47E1B9D11A9C7CC6007FCC8B /* SecuOTP Application.app */ = {isa = PBXFileReference; explicitFileType = wrapper.application; includeInIndex = 0; path = "SecuOTP Application.app"; sourceTree = BUILT_PRODUCTS_DIR; };
		47E1B9D51A9C7CC6007FCC8B /* Info.plist */ = {isa = PBXFileReference; lastKnownFileType = text.plist.xml; path = Info.plist; sourceTree = "<group>"; };
		47E1B9D61A9C7CC6007FCC8B /* AppDelegate.swift */ = {isa = PBXFileReference; lastKnownFileType = sourcecode.swift; path = AppDelegate.swift; sourceTree = "<group>"; };
		47E1B9DB1A9C7CC6007FCC8B /* StartViewController.swift */ = {isa = PBXFileReference; lastKnownFileType = sourcecode.swift; path = StartViewController.swift; sourceTree = "<group>"; };
		47E1B9DE1A9C7CC6007FCC8B /* Base */ = {isa = PBXFileReference; lastKnownFileType = file.storyboard; name = Base; path = Base.lproj/Main.storyboard; sourceTree = "<group>"; };
		47E1B9E01A9C7CC6007FCC8B /* Images.xcassets */ = {isa = PBXFileReference; lastKnownFileType = folder.assetcatalog; path = Images.xcassets; sourceTree = "<group>"; };
		47E1B9E91A9C7CC6007FCC8B /* SecuOTP ApplicationTests.xctest */ = {isa = PBXFileReference; explicitFileType = wrapper.cfbundle; includeInIndex = 0; path = "SecuOTP ApplicationTests.xctest"; sourceTree = BUILT_PRODUCTS_DIR; };
		47E1B9EE1A9C7CC6007FCC8B /* Info.plist */ = {isa = PBXFileReference; lastKnownFileType = text.plist.xml; path = Info.plist; sourceTree = "<group>"; };
		47E1B9EF1A9C7CC6007FCC8B /* SecuOTP_ApplicationTests.swift */ = {isa = PBXFileReference; lastKnownFileType = sourcecode.swift; path = SecuOTP_ApplicationTests.swift; sourceTree = "<group>"; };
		47F2E72B1AB6D73E00140355 /* WebService.swift */ = {isa = PBXFileReference; fileEncoding = 4; lastKnownFileType = sourcecode.swift; path = WebService.swift; sourceTree = "<group>"; };
/* End PBXFileReference section */

/* Begin PBXFrameworksBuildPhase section */
		47E1B9CE1A9C7CC6007FCC8B /* Frameworks */ = {
			isa = PBXFrameworksBuildPhase;
			buildActionMask = 2147483647;
			files = (
				47CA2E2A1A9DFB6D00AA17E3 /* CoreData.framework in Frameworks */,
			);
			runOnlyForDeploymentPostprocessing = 0;
		};
		47E1B9E61A9C7CC6007FCC8B /* Frameworks */ = {
			isa = PBXFrameworksBuildPhase;
			buildActionMask = 2147483647;
			files = (
			);
			runOnlyForDeploymentPostprocessing = 0;
		};
/* End PBXFrameworksBuildPhase section */

/* Begin PBXGroup section */
		4705F2BD1AAB6627004486FD /* crypto */ = {
			isa = PBXGroup;
			children = (
				4705F2BE1AAB6652004486FD /* CryptoString.swift */,
				4705F2C21AAB8532004486FD /* Converter.swift */,
			);
			name = crypto;
			sourceTree = "<group>";
		};
		470B4B891AB76D5700CCE1BD /* webservice */ = {
			isa = PBXGroup;
			children = (
				47F2E72B1AB6D73E00140355 /* WebService.swift */,
				470B4B8A1AB76D8600CCE1BD /* DatabaseService.swift */,
			);
			name = webservice;
			sourceTree = "<group>";
		};
		472C47891AB866980010EAA2 /* xmlparser */ = {
			isa = PBXGroup;
			children = (
			);
			name = xmlparser;
			sourceTree = "<group>";
		};
		47CA2E1A1A9DE8D000AA17E3 /* model */ = {
			isa = PBXGroup;
			children = (
				47CE282E1AC17A2100BC93DD /* TouchXML */,
				472C47891AB866980010EAA2 /* xmlparser */,
				4705F2BD1AAB6627004486FD /* crypto */,
				47CA2E1B1A9DE8D700AA17E3 /* coredata */,
				470B4B891AB76D5700CCE1BD /* webservice */,
			);
			name = model;
			sourceTree = "<group>";
		};
		47CA2E1B1A9DE8D700AA17E3 /* coredata */ = {
			isa = PBXGroup;
			children = (
				47CA2E151A9DE88A00AA17E3 /* ConfigEntity.swift */,
				47CA2E171A9DE8A500AA17E3 /* SecuOTP_Application.xcdatamodeld */,
				470B024C1A9F1BED00AD00DB /* Entity.swift */,
			);
			name = coredata;
			sourceTree = "<group>";
		};
		47CA2E1C1A9DE8E300AA17E3 /* controller */ = {
			isa = PBXGroup;
			children = (
				47E1B9D61A9C7CC6007FCC8B /* AppDelegate.swift */,
				47CA2E271A9DFA9D00AA17E3 /* LoginViewController.swift */,
				47CA2E2B1A9E021600AA17E3 /* CreatePasswordViewController.swift */,
				471426B31A9E65C700D72128 /* ConfirmPasswordViewController.swift */,
				470B024E1A9F224300AD00DB /* AppManagerViewController.swift */,
				4714F3C41A9F4EA9005FB8F5 /* SettingViewController.swift */,
				4714F3C61A9F501F005FB8F5 /* OTPViewController.swift */,
				47D48BBB1AB463C5000F4254 /* AddApplicationViewController.swift */,
				47CA2E261A9DFA8000AA17E3 /* pageviewcontoller */,
			);
			name = controller;
			sourceTree = "<group>";
		};
		47CA2E1D1A9DE8EC00AA17E3 /* view */ = {
			isa = PBXGroup;
			children = (
				47E1B9DD1A9C7CC6007FCC8B /* Main.storyboard */,
			);
			name = view;
			sourceTree = "<group>";
		};
		47CA2E261A9DFA8000AA17E3 /* pageviewcontoller */ = {
			isa = PBXGroup;
			children = (
				47E1B9DB1A9C7CC6007FCC8B /* StartViewController.swift */,
				47CA2E221A9DEBFE00AA17E3 /* ContentPageViewController.swift */,
			);
			name = pageviewcontoller;
			sourceTree = "<group>";
		};
		47CE282E1AC17A2100BC93DD /* TouchXML */ = {
			isa = PBXGroup;
			children = (
				47CE282F1AC180C600BC93DD /* CXHTMLDocument.h */,
				47CE28301AC180C600BC93DD /* CXHTMLDocument.m */,
				47CE28311AC180C600BC93DD /* CXMLDocument_PrivateExtensions.h */,
				47CE28321AC180C600BC93DD /* CXMLDocument_PrivateExtensions.m */,
				47CE28331AC180C600BC93DD /* CXMLDocument.h */,
				47CE28341AC180C600BC93DD /* CXMLDocument.m */,
				47CE28351AC180C600BC93DD /* CXMLElement_CreationExtensions.h */,
				47CE28361AC180C600BC93DD /* CXMLElement_CreationExtensions.m */,
				47CE28371AC180C600BC93DD /* CXMLElement_ElementTreeExtensions.h */,
				47CE28381AC180C600BC93DD /* CXMLElement_ElementTreeExtensions.m */,
				47CE28391AC180C600BC93DD /* CXMLElement.h */,
				47CE283A1AC180C600BC93DD /* CXMLElement.m */,
				47CE283B1AC180C600BC93DD /* CXMLNamespaceNode.h */,
				47CE283C1AC180C600BC93DD /* CXMLNamespaceNode.m */,
				47CE283D1AC180C600BC93DD /* CXMLNode_PrivateExtensions.h */,
				47CE283E1AC180C600BC93DD /* CXMLNode_PrivateExtensions.m */,
				47CE283F1AC180C600BC93DD /* CXMLNode_XPathExtensions.h */,
				47CE28401AC180C600BC93DD /* CXMLNode_XPathExtensions.m */,
				47CE28411AC180C600BC93DD /* CXMLNode.h */,
				47CE28421AC180C600BC93DD /* CXMLNode.m */,
				47CE28431AC180C600BC93DD /* Tidy */,
				47CE28441AC180C600BC93DD /* TouchXML.h */,
				47CE28501AC180DF00BC93DD /* CXMLDocument_CreationExtensions.h */,
				47CE28511AC180DF00BC93DD /* CXMLDocument_CreationExtensions.m */,
				47CE28521AC180DF00BC93DD /* CXMLNode_CreationExtensions.h */,
				47CE28531AC180DF00BC93DD /* CXMLNode_CreationExtensions.m */,
			);
			name = TouchXML;
			sourceTree = "<group>";
		};
		47E1B9C81A9C7CC6007FCC8B = {
			isa = PBXGroup;
			children = (
				47CA2E291A9DFB6D00AA17E3 /* CoreData.framework */,
				47E1B9D31A9C7CC6007FCC8B /* SecuOTP Application */,
				47E1B9EC1A9C7CC6007FCC8B /* SecuOTP ApplicationTests */,
				47E1B9D21A9C7CC6007FCC8B /* Products */,
				47C1F3061AA09CE400A21966 /* SecuOTP Application-Bridging-Header.h */,
			);
			sourceTree = "<group>";
		};
		47E1B9D21A9C7CC6007FCC8B /* Products */ = {
			isa = PBXGroup;
			children = (
				47E1B9D11A9C7CC6007FCC8B /* SecuOTP Application.app */,
				47E1B9E91A9C7CC6007FCC8B /* SecuOTP ApplicationTests.xctest */,
			);
			name = Products;
			sourceTree = "<group>";
		};
		47E1B9D31A9C7CC6007FCC8B /* SecuOTP Application */ = {
			isa = PBXGroup;
			children = (
				47CA2E1A1A9DE8D000AA17E3 /* model */,
				47CA2E1C1A9DE8E300AA17E3 /* controller */,
				47CA2E1D1A9DE8EC00AA17E3 /* view */,
				47E1B9E01A9C7CC6007FCC8B /* Images.xcassets */,
				47E1B9D41A9C7CC6007FCC8B /* Supporting Files */,
			);
			path = "SecuOTP Application";
			sourceTree = "<group>";
		};
		47E1B9D41A9C7CC6007FCC8B /* Supporting Files */ = {
			isa = PBXGroup;
			children = (
				47E1B9D51A9C7CC6007FCC8B /* Info.plist */,
			);
			name = "Supporting Files";
			sourceTree = "<group>";
		};
		47E1B9EC1A9C7CC6007FCC8B /* SecuOTP ApplicationTests */ = {
			isa = PBXGroup;
			children = (
				47E1B9EF1A9C7CC6007FCC8B /* SecuOTP_ApplicationTests.swift */,
				47E1B9ED1A9C7CC6007FCC8B /* Supporting Files */,
			);
			path = "SecuOTP ApplicationTests";
			sourceTree = "<group>";
		};
		47E1B9ED1A9C7CC6007FCC8B /* Supporting Files */ = {
			isa = PBXGroup;
			children = (
				47E1B9EE1A9C7CC6007FCC8B /* Info.plist */,
			);
			name = "Supporting Files";
			sourceTree = "<group>";
		};
/* End PBXGroup section */

/* Begin PBXNativeTarget section */
		47E1B9D01A9C7CC6007FCC8B /* SecuOTP Application */ = {
			isa = PBXNativeTarget;
			buildConfigurationList = 47E1B9F31A9C7CC6007FCC8B /* Build configuration list for PBXNativeTarget "SecuOTP Application" */;
			buildPhases = (
				47E1B9CD1A9C7CC6007FCC8B /* Sources */,
				47E1B9CE1A9C7CC6007FCC8B /* Frameworks */,
				47E1B9CF1A9C7CC6007FCC8B /* Resources */,
			);
			buildRules = (
			);
			dependencies = (
			);
			name = "SecuOTP Application";
			productName = "SecuOTP Application";
			productReference = 47E1B9D11A9C7CC6007FCC8B /* SecuOTP Application.app */;
			productType = "com.apple.product-type.application";
		};
		47E1B9E81A9C7CC6007FCC8B /* SecuOTP ApplicationTests */ = {
			isa = PBXNativeTarget;
			buildConfigurationList = 47E1B9F61A9C7CC6007FCC8B /* Build configuration list for PBXNativeTarget "SecuOTP ApplicationTests" */;
			buildPhases = (
				47E1B9E51A9C7CC6007FCC8B /* Sources */,
				47E1B9E61A9C7CC6007FCC8B /* Frameworks */,
				47E1B9E71A9C7CC6007FCC8B /* Resources */,
			);
			buildRules = (
			);
			dependencies = (
				47E1B9EB1A9C7CC6007FCC8B /* PBXTargetDependency */,
			);
			name = "SecuOTP ApplicationTests";
			productName = "SecuOTP ApplicationTests";
			productReference = 47E1B9E91A9C7CC6007FCC8B /* SecuOTP ApplicationTests.xctest */;
			productType = "com.apple.product-type.bundle.unit-test";
		};
/* End PBXNativeTarget section */

/* Begin PBXProject section */
		47E1B9C91A9C7CC6007FCC8B /* Project object */ = {
			isa = PBXProject;
			attributes = {
				LastUpgradeCheck = 0610;
				ORGANIZATIONNAME = SecuOTP;
				TargetAttributes = {
					47E1B9D01A9C7CC6007FCC8B = {
						CreatedOnToolsVersion = 6.1.1;
					};
					47E1B9E81A9C7CC6007FCC8B = {
						CreatedOnToolsVersion = 6.1.1;
						TestTargetID = 47E1B9D01A9C7CC6007FCC8B;
					};
				};
			};
			buildConfigurationList = 47E1B9CC1A9C7CC6007FCC8B /* Build configuration list for PBXProject "SecuOTP Application" */;
			compatibilityVersion = "Xcode 3.2";
			developmentRegion = English;
			hasScannedForEncodings = 0;
			knownRegions = (
				en,
				Base,
			);
			mainGroup = 47E1B9C81A9C7CC6007FCC8B;
			productRefGroup = 47E1B9D21A9C7CC6007FCC8B /* Products */;
			projectDirPath = "";
			projectRoot = "";
			targets = (
				47E1B9D01A9C7CC6007FCC8B /* SecuOTP Application */,
				47E1B9E81A9C7CC6007FCC8B /* SecuOTP ApplicationTests */,
			);
		};
/* End PBXProject section */

/* Begin PBXResourcesBuildPhase section */
		47E1B9CF1A9C7CC6007FCC8B /* Resources */ = {
			isa = PBXResourcesBuildPhase;
			buildActionMask = 2147483647;
			files = (
				47CE284F1AC180C600BC93DD /* Tidy in Resources */,
				47E1B9DF1A9C7CC6007FCC8B /* Main.storyboard in Resources */,
				47E1B9E11A9C7CC6007FCC8B /* Images.xcassets in Resources */,
			);
			runOnlyForDeploymentPostprocessing = 0;
		};
		47E1B9E71A9C7CC6007FCC8B /* Resources */ = {
			isa = PBXResourcesBuildPhase;
			buildActionMask = 2147483647;
			files = (
			);
			runOnlyForDeploymentPostprocessing = 0;
		};
/* End PBXResourcesBuildPhase section */

/* Begin PBXSourcesBuildPhase section */
		47E1B9CD1A9C7CC6007FCC8B /* Sources */ = {
			isa = PBXSourcesBuildPhase;
			buildActionMask = 2147483647;
			files = (
				470B4B8B1AB76D8600CCE1BD /* DatabaseService.swift in Sources */,
				47D48BBC1AB463C5000F4254 /* AddApplicationViewController.swift in Sources */,
				4714F3C71A9F501F005FB8F5 /* OTPViewController.swift in Sources */,
				47CA2E281A9DFA9D00AA17E3 /* LoginViewController.swift in Sources */,
				4714F3C51A9F4EA9005FB8F5 /* SettingViewController.swift in Sources */,
				47CE284B1AC180C600BC93DD /* CXMLNamespaceNode.m in Sources */,
				47CA2E241A9DEBFE00AA17E3 /* ContentPageViewController.swift in Sources */,
				47CE284A1AC180C600BC93DD /* CXMLElement.m in Sources */,
				47CA2E191A9DE8A500AA17E3 /* SecuOTP_Application.xcdatamodeld in Sources */,
				47E1B9DC1A9C7CC6007FCC8B /* StartViewController.swift in Sources */,
				4705F2BF1AAB6652004486FD /* CryptoString.swift in Sources */,
				47CE284D1AC180C600BC93DD /* CXMLNode_XPathExtensions.m in Sources */,
				47CA2E161A9DE88A00AA17E3 /* ConfigEntity.swift in Sources */,
				47CE28451AC180C600BC93DD /* CXHTMLDocument.m in Sources */,
				470B024D1A9F1BED00AD00DB /* Entity.swift in Sources */,
				47F2E72C1AB6D73E00140355 /* WebService.swift in Sources */,
				47CE284C1AC180C600BC93DD /* CXMLNode_PrivateExtensions.m in Sources */,
				47CE28491AC180C600BC93DD /* CXMLElement_ElementTreeExtensions.m in Sources */,
				4705F2C31AAB8532004486FD /* Converter.swift in Sources */,
				47CA2E2C1A9E021600AA17E3 /* CreatePasswordViewController.swift in Sources */,
				47CE28481AC180C600BC93DD /* CXMLElement_CreationExtensions.m in Sources */,
				47CE28541AC180DF00BC93DD /* CXMLDocument_CreationExtensions.m in Sources */,
				47CE28461AC180C600BC93DD /* CXMLDocument_PrivateExtensions.m in Sources */,
				47CE28471AC180C600BC93DD /* CXMLDocument.m in Sources */,
				47CE284E1AC180C600BC93DD /* CXMLNode.m in Sources */,
				471426B41A9E65C700D72128 /* ConfirmPasswordViewController.swift in Sources */,
				47CE28551AC180DF00BC93DD /* CXMLNode_CreationExtensions.m in Sources */,
				470B024F1A9F224300AD00DB /* AppManagerViewController.swift in Sources */,
				47E1B9D71A9C7CC6007FCC8B /* AppDelegate.swift in Sources */,
			);
			runOnlyForDeploymentPostprocessing = 0;
		};
		47E1B9E51A9C7CC6007FCC8B /* Sources */ = {
			isa = PBXSourcesBuildPhase;
			buildActionMask = 2147483647;
			files = (
				47E1B9F01A9C7CC6007FCC8B /* SecuOTP_ApplicationTests.swift in Sources */,
			);
			runOnlyForDeploymentPostprocessing = 0;
		};
/* End PBXSourcesBuildPhase section */

/* Begin PBXTargetDependency section */
		47E1B9EB1A9C7CC6007FCC8B /* PBXTargetDependency */ = {
			isa = PBXTargetDependency;
			target = 47E1B9D01A9C7CC6007FCC8B /* SecuOTP Application */;
			targetProxy = 47E1B9EA1A9C7CC6007FCC8B /* PBXContainerItemProxy */;
		};
/* End PBXTargetDependency section */

/* Begin PBXVariantGroup section */
		47E1B9DD1A9C7CC6007FCC8B /* Main.storyboard */ = {
			isa = PBXVariantGroup;
			children = (
				47E1B9DE1A9C7CC6007FCC8B /* Base */,
			);
			name = Main.storyboard;
			sourceTree = "<group>";
		};
/* End PBXVariantGroup section */

/* Begin XCBuildConfiguration section */
		47E1B9F11A9C7CC6007FCC8B /* Debug */ = {
			isa = XCBuildConfiguration;
			buildSettings = {
				ALWAYS_SEARCH_USER_PATHS = NO;
				CLANG_CXX_LANGUAGE_STANDARD = "gnu++0x";
				CLANG_CXX_LIBRARY = "libc++";
				CLANG_ENABLE_MODULES = YES;
				CLANG_ENABLE_OBJC_ARC = NO;
				CLANG_WARN_BOOL_CONVERSION = YES;
				CLANG_WARN_CONSTANT_CONVERSION = YES;
				CLANG_WARN_DIRECT_OBJC_ISA_USAGE = YES_ERROR;
				CLANG_WARN_EMPTY_BODY = YES;
				CLANG_WARN_ENUM_CONVERSION = YES;
				CLANG_WARN_INT_CONVERSION = YES;
				CLANG_WARN_OBJC_ROOT_CLASS = YES_ERROR;
				CLANG_WARN_UNREACHABLE_CODE = YES;
				CLANG_WARN__DUPLICATE_METHOD_MATCH = YES;
				"CODE_SIGN_IDENTITY[sdk=iphoneos*]" = "iPhone Developer";
				COPY_PHASE_STRIP = NO;
				ENABLE_STRICT_OBJC_MSGSEND = YES;
				GCC_C_LANGUAGE_STANDARD = gnu99;
				GCC_DYNAMIC_NO_PIC = NO;
				GCC_OPTIMIZATION_LEVEL = 0;
				GCC_PREPROCESSOR_DEFINITIONS = (
					"DEBUG=1",
					"$(inherited)",
				);
				GCC_SYMBOLS_PRIVATE_EXTERN = NO;
				GCC_WARN_64_TO_32_BIT_CONVERSION = YES;
				GCC_WARN_ABOUT_RETURN_TYPE = YES_ERROR;
				GCC_WARN_UNDECLARED_SELECTOR = YES;
				GCC_WARN_UNINITIALIZED_AUTOS = YES_AGGRESSIVE;
				GCC_WARN_UNUSED_FUNCTION = YES;
				GCC_WARN_UNUSED_VARIABLE = YES;
				IPHONEOS_DEPLOYMENT_TARGET = 8.1;
				MTL_ENABLE_DEBUG_INFO = YES;
				ONLY_ACTIVE_ARCH = YES;
				SDKROOT = iphoneos;
				SWIFT_OPTIMIZATION_LEVEL = "-Onone";
			};
			name = Debug;
		};
		47E1B9F21A9C7CC6007FCC8B /* Release */ = {
			isa = XCBuildConfiguration;
			buildSettings = {
				ALWAYS_SEARCH_USER_PATHS = NO;
				CLANG_CXX_LANGUAGE_STANDARD = "gnu++0x";
				CLANG_CXX_LIBRARY = "libc++";
				CLANG_ENABLE_MODULES = YES;
				CLANG_ENABLE_OBJC_ARC = NO;
				CLANG_WARN_BOOL_CONVERSION = YES;
				CLANG_WARN_CONSTANT_CONVERSION = YES;
				CLANG_WARN_DIRECT_OBJC_ISA_USAGE = YES_ERROR;
				CLANG_WARN_EMPTY_BODY = YES;
				CLANG_WARN_ENUM_CONVERSION = YES;
				CLANG_WARN_INT_CONVERSION = YES;
				CLANG_WARN_OBJC_ROOT_CLASS = YES_ERROR;
				CLANG_WARN_UNREACHABLE_CODE = YES;
				CLANG_WARN__DUPLICATE_METHOD_MATCH = YES;
				"CODE_SIGN_IDENTITY[sdk=iphoneos*]" = "iPhone Developer";
				COPY_PHASE_STRIP = YES;
				ENABLE_NS_ASSERTIONS = NO;
				ENABLE_STRICT_OBJC_MSGSEND = YES;
				GCC_C_LANGUAGE_STANDARD = gnu99;
				GCC_WARN_64_TO_32_BIT_CONVERSION = YES;
				GCC_WARN_ABOUT_RETURN_TYPE = YES_ERROR;
				GCC_WARN_UNDECLARED_SELECTOR = YES;
				GCC_WARN_UNINITIALIZED_AUTOS = YES_AGGRESSIVE;
				GCC_WARN_UNUSED_FUNCTION = YES;
				GCC_WARN_UNUSED_VARIABLE = YES;
				IPHONEOS_DEPLOYMENT_TARGET = 8.1;
				MTL_ENABLE_DEBUG_INFO = NO;
				SDKROOT = iphoneos;
				VALIDATE_PRODUCT = YES;
			};
			name = Release;
		};
		47E1B9F41A9C7CC6007FCC8B /* Debug */ = {
			isa = XCBuildConfiguration;
			buildSettings = {
				ASSETCATALOG_COMPILER_APPICON_NAME = AppIcon;
				ASSETCATALOG_COMPILER_LAUNCHIMAGE_NAME = LaunchImage;
				CLANG_ENABLE_MODULES = YES;
				HEADER_SEARCH_PATHS = (
					"$(inherited)",
					/usr/include/libxml2,
					/Applications/Xcode.app/Contents/Developer/Toolchains/XcodeDefault.xctoolchain/usr/include,
				);
				INFOPLIST_FILE = "SecuOTP Application/Info.plist";
				IPHONEOS_DEPLOYMENT_TARGET = 7.0;
				LD_RUNPATH_SEARCH_PATHS = "$(inherited) @executable_path/Frameworks";
				LIBRARY_SEARCH_PATHS = (
					"$(inherited)",
					"$(SDKROOT)/usr/lib/system",
				);
				OTHER_LDFLAGS = "-lxml2";
				PRODUCT_NAME = "$(TARGET_NAME)";
				SWIFT_OBJC_BRIDGING_HEADER = "SecuOTP Application-Bridging-Header.h";
				SWIFT_OPTIMIZATION_LEVEL = "-Onone";
			};
			name = Debug;
		};
		47E1B9F51A9C7CC6007FCC8B /* Release */ = {
			isa = XCBuildConfiguration;
			buildSettings = {
				ASSETCATALOG_COMPILER_APPICON_NAME = AppIcon;
				ASSETCATALOG_COMPILER_LAUNCHIMAGE_NAME = LaunchImage;
				CLANG_ENABLE_MODULES = YES;
				HEADER_SEARCH_PATHS = (
					"$(inherited)",
					/usr/include/libxml2,
					/Applications/Xcode.app/Contents/Developer/Toolchains/XcodeDefault.xctoolchain/usr/include,
				);
				INFOPLIST_FILE = "SecuOTP Application/Info.plist";
				IPHONEOS_DEPLOYMENT_TARGET = 7.0;
				LD_RUNPATH_SEARCH_PATHS = "$(inherited) @executable_path/Frameworks";
				LIBRARY_SEARCH_PATHS = (
					"$(inherited)",
					"$(SDKROOT)/usr/lib/system",
				);
				OTHER_LDFLAGS = "-lxml2";
				PRODUCT_NAME = "$(TARGET_NAME)";
				SWIFT_OBJC_BRIDGING_HEADER = "SecuOTP Application-Bridging-Header.h";
			};
			name = Release;
		};
		47E1B9F71A9C7CC6007FCC8B /* Debug */ = {
			isa = XCBuildConfiguration;
			buildSettings = {
				BUNDLE_LOADER = "$(TEST_HOST)";
				FRAMEWORK_SEARCH_PATHS = (
					"$(SDKROOT)/Developer/Library/Frameworks",
					"$(inherited)",
				);
				GCC_PREPROCESSOR_DEFINITIONS = (
					"DEBUG=1",
					"$(inherited)",
				);
				INFOPLIST_FILE = "SecuOTP ApplicationTests/Info.plist";
				LD_RUNPATH_SEARCH_PATHS = "$(inherited) @executable_path/Frameworks @loader_path/Frameworks";
				PRODUCT_NAME = "$(TARGET_NAME)";
				TEST_HOST = "$(BUILT_PRODUCTS_DIR)/SecuOTP Application.app/SecuOTP Application";
			};
			name = Debug;
		};
		47E1B9F81A9C7CC6007FCC8B /* Release */ = {
			isa = XCBuildConfiguration;
			buildSettings = {
				BUNDLE_LOADER = "$(TEST_HOST)";
				FRAMEWORK_SEARCH_PATHS = (
					"$(SDKROOT)/Developer/Library/Frameworks",
					"$(inherited)",
				);
				INFOPLIST_FILE = "SecuOTP ApplicationTests/Info.plist";
				LD_RUNPATH_SEARCH_PATHS = "$(inherited) @executable_path/Frameworks @loader_path/Frameworks";
				PRODUCT_NAME = "$(TARGET_NAME)";
				TEST_HOST = "$(BUILT_PRODUCTS_DIR)/SecuOTP Application.app/SecuOTP Application";
			};
			name = Release;
		};
/* End XCBuildConfiguration section */

/* Begin XCConfigurationList section */
		47E1B9CC1A9C7CC6007FCC8B /* Build configuration list for PBXProject "SecuOTP Application" */ = {
			isa = XCConfigurationList;
			buildConfigurations = (
				47E1B9F11A9C7CC6007FCC8B /* Debug */,
				47E1B9F21A9C7CC6007FCC8B /* Release */,
			);
			defaultConfigurationIsVisible = 0;
			defaultConfigurationName = Release;
		};
		47E1B9F31A9C7CC6007FCC8B /* Build configuration list for PBXNativeTarget "SecuOTP Application" */ = {
			isa = XCConfigurationList;
			buildConfigurations = (
				47E1B9F41A9C7CC6007FCC8B /* Debug */,
				47E1B9F51A9C7CC6007FCC8B /* Release */,
			);
			defaultConfigurationIsVisible = 0;
			defaultConfigurationName = Release;
		};
		47E1B9F61A9C7CC6007FCC8B /* Build configuration list for PBXNativeTarget "SecuOTP ApplicationTests" */ = {
			isa = XCConfigurationList;
			buildConfigurations = (
				47E1B9F71A9C7CC6007FCC8B /* Debug */,
				47E1B9F81A9C7CC6007FCC8B /* Release */,
			);
			defaultConfigurationIsVisible = 0;
			defaultConfigurationName = Release;
		};
/* End XCConfigurationList section */

/* Begin XCVersionGroup section */
		47CA2E171A9DE8A500AA17E3 /* SecuOTP_Application.xcdatamodeld */ = {
			isa = XCVersionGroup;
			children = (
				47CA2E181A9DE8A500AA17E3 /* SecuOTP_Application.xcdatamodel */,
			);
			currentVersion = 47CA2E181A9DE8A500AA17E3 /* SecuOTP_Application.xcdatamodel */;
			path = SecuOTP_Application.xcdatamodeld;
			sourceTree = "<group>";
			versionGroupType = wrapper.xcdatamodel;
		};
/* End XCVersionGroup section */
	};
	rootObject = 47E1B9C91A9C7CC6007FCC8B /* Project object */;
}
