// !$*UTF8*$!
{
	archiveVersion = 1;
	classes = {
	};
	objectVersion = 46;
	objects = {

/* Begin PBXBuildFile section */
		473293FE1A8A1F9A00B6F3F4 /* DataSotrage.plist in Resources */ = {isa = PBXBuildFile; fileRef = 473293FD1A8A1F9A00B6F3F4 /* DataSotrage.plist */; };
		473294001A8A229000B6F3F4 /* PlistStream.swift in Sources */ = {isa = PBXBuildFile; fileRef = 473293FF1A8A229000B6F3F4 /* PlistStream.swift */; };
		474138841A66716B00966A82 /* AppDelegate.swift in Sources */ = {isa = PBXBuildFile; fileRef = 474138831A66716B00966A82 /* AppDelegate.swift */; };
		474138861A66716B00966A82 /* LoginViewController.swift in Sources */ = {isa = PBXBuildFile; fileRef = 474138851A66716B00966A82 /* LoginViewController.swift */; };
		474138891A66716B00966A82 /* Main.storyboard in Resources */ = {isa = PBXBuildFile; fileRef = 474138871A66716B00966A82 /* Main.storyboard */; };
		4741388B1A66716B00966A82 /* Images.xcassets in Resources */ = {isa = PBXBuildFile; fileRef = 4741388A1A66716B00966A82 /* Images.xcassets */; };
		4741389A1A66716C00966A82 /* SecuOTP_ApplicationTests.swift in Sources */ = {isa = PBXBuildFile; fileRef = 474138991A66716C00966A82 /* SecuOTP_ApplicationTests.swift */; };
		47BE8E681A8A91AA00047FDF /* ResponsiveTextFieldViewController.swift in Sources */ = {isa = PBXBuildFile; fileRef = 47BE8E671A8A91AA00047FDF /* ResponsiveTextFieldViewController.swift */; };
		47C12F431A8BE12E00D7B486 /* CreatePasswordController.swift in Sources */ = {isa = PBXBuildFile; fileRef = 47C12F421A8BE12E00D7B486 /* CreatePasswordController.swift */; };
/* End PBXBuildFile section */

/* Begin PBXContainerItemProxy section */
		474138941A66716C00966A82 /* PBXContainerItemProxy */ = {
			isa = PBXContainerItemProxy;
			containerPortal = 474138761A66716B00966A82 /* Project object */;
			proxyType = 1;
			remoteGlobalIDString = 4741387D1A66716B00966A82;
			remoteInfo = "SecuOTP Application";
		};
/* End PBXContainerItemProxy section */

/* Begin PBXFileReference section */
		473293FD1A8A1F9A00B6F3F4 /* DataSotrage.plist */ = {isa = PBXFileReference; fileEncoding = 4; lastKnownFileType = text.plist.xml; path = DataSotrage.plist; sourceTree = "<group>"; };
		473293FF1A8A229000B6F3F4 /* PlistStream.swift */ = {isa = PBXFileReference; fileEncoding = 4; lastKnownFileType = sourcecode.swift; path = PlistStream.swift; sourceTree = "<group>"; };
		4741387E1A66716B00966A82 /* SecuOTP Application.app */ = {isa = PBXFileReference; explicitFileType = wrapper.application; includeInIndex = 0; path = "SecuOTP Application.app"; sourceTree = BUILT_PRODUCTS_DIR; };
		474138821A66716B00966A82 /* Info.plist */ = {isa = PBXFileReference; lastKnownFileType = text.plist.xml; path = Info.plist; sourceTree = "<group>"; };
		474138831A66716B00966A82 /* AppDelegate.swift */ = {isa = PBXFileReference; lastKnownFileType = sourcecode.swift; path = AppDelegate.swift; sourceTree = "<group>"; };
		474138851A66716B00966A82 /* LoginViewController.swift */ = {isa = PBXFileReference; lastKnownFileType = sourcecode.swift; path = LoginViewController.swift; sourceTree = "<group>"; };
		474138881A66716B00966A82 /* Base */ = {isa = PBXFileReference; lastKnownFileType = file.storyboard; name = Base; path = Base.lproj/Main.storyboard; sourceTree = "<group>"; };
		4741388A1A66716B00966A82 /* Images.xcassets */ = {isa = PBXFileReference; lastKnownFileType = folder.assetcatalog; path = Images.xcassets; sourceTree = "<group>"; };
		474138931A66716C00966A82 /* SecuOTP ApplicationTests.xctest */ = {isa = PBXFileReference; explicitFileType = wrapper.cfbundle; includeInIndex = 0; path = "SecuOTP ApplicationTests.xctest"; sourceTree = BUILT_PRODUCTS_DIR; };
		474138981A66716C00966A82 /* Info.plist */ = {isa = PBXFileReference; lastKnownFileType = text.plist.xml; path = Info.plist; sourceTree = "<group>"; };
		474138991A66716C00966A82 /* SecuOTP_ApplicationTests.swift */ = {isa = PBXFileReference; lastKnownFileType = sourcecode.swift; path = SecuOTP_ApplicationTests.swift; sourceTree = "<group>"; };
		47BE8E671A8A91AA00047FDF /* ResponsiveTextFieldViewController.swift */ = {isa = PBXFileReference; fileEncoding = 4; lastKnownFileType = sourcecode.swift; path = ResponsiveTextFieldViewController.swift; sourceTree = "<group>"; };
		47C12F421A8BE12E00D7B486 /* CreatePasswordController.swift */ = {isa = PBXFileReference; fileEncoding = 4; lastKnownFileType = sourcecode.swift; path = CreatePasswordController.swift; sourceTree = "<group>"; };
/* End PBXFileReference section */

/* Begin PBXFrameworksBuildPhase section */
		4741387B1A66716B00966A82 /* Frameworks */ = {
			isa = PBXFrameworksBuildPhase;
			buildActionMask = 2147483647;
			files = (
			);
			runOnlyForDeploymentPostprocessing = 0;
		};
		474138901A66716C00966A82 /* Frameworks */ = {
			isa = PBXFrameworksBuildPhase;
			buildActionMask = 2147483647;
			files = (
			);
			runOnlyForDeploymentPostprocessing = 0;
		};
/* End PBXFrameworksBuildPhase section */

/* Begin PBXGroup section */
		474138751A66716B00966A82 = {
			isa = PBXGroup;
			children = (
				474138801A66716B00966A82 /* SecuOTP Application */,
				474138961A66716C00966A82 /* SecuOTP ApplicationTests */,
				4741387F1A66716B00966A82 /* Products */,
			);
			sourceTree = "<group>";
		};
		4741387F1A66716B00966A82 /* Products */ = {
			isa = PBXGroup;
			children = (
				4741387E1A66716B00966A82 /* SecuOTP Application.app */,
				474138931A66716C00966A82 /* SecuOTP ApplicationTests.xctest */,
			);
			name = Products;
			sourceTree = "<group>";
		};
		474138801A66716B00966A82 /* SecuOTP Application */ = {
			isa = PBXGroup;
			children = (
				473293FD1A8A1F9A00B6F3F4 /* DataSotrage.plist */,
				47BE8E641A8A8AB000047FDF /* VIew */,
				475705DB1A69103B005B56B5 /* controller */,
				475705DA1A691021005B56B5 /* model */,
				474138811A66716B00966A82 /* Supporting Files */,
			);
			path = "SecuOTP Application";
			sourceTree = "<group>";
		};
		474138811A66716B00966A82 /* Supporting Files */ = {
			isa = PBXGroup;
			children = (
				474138821A66716B00966A82 /* Info.plist */,
			);
			name = "Supporting Files";
			sourceTree = "<group>";
		};
		474138961A66716C00966A82 /* SecuOTP ApplicationTests */ = {
			isa = PBXGroup;
			children = (
				474138991A66716C00966A82 /* SecuOTP_ApplicationTests.swift */,
				474138971A66716C00966A82 /* Supporting Files */,
			);
			path = "SecuOTP ApplicationTests";
			sourceTree = "<group>";
		};
		474138971A66716C00966A82 /* Supporting Files */ = {
			isa = PBXGroup;
			children = (
				474138981A66716C00966A82 /* Info.plist */,
			);
			name = "Supporting Files";
			sourceTree = "<group>";
		};
		475705DA1A691021005B56B5 /* model */ = {
			isa = PBXGroup;
			children = (
				4741388A1A66716B00966A82 /* Images.xcassets */,
				473293FF1A8A229000B6F3F4 /* PlistStream.swift */,
				47BE8E671A8A91AA00047FDF /* ResponsiveTextFieldViewController.swift */,
			);
			name = model;
			sourceTree = "<group>";
		};
		475705DB1A69103B005B56B5 /* controller */ = {
			isa = PBXGroup;
			children = (
				474138831A66716B00966A82 /* AppDelegate.swift */,
				474138851A66716B00966A82 /* LoginViewController.swift */,
				47C12F421A8BE12E00D7B486 /* CreatePasswordController.swift */,
			);
			name = controller;
			sourceTree = "<group>";
		};
		47BE8E641A8A8AB000047FDF /* VIew */ = {
			isa = PBXGroup;
			children = (
				474138871A66716B00966A82 /* Main.storyboard */,
			);
			name = VIew;
			sourceTree = "<group>";
		};
/* End PBXGroup section */

/* Begin PBXNativeTarget section */
		4741387D1A66716B00966A82 /* SecuOTP Application */ = {
			isa = PBXNativeTarget;
			buildConfigurationList = 4741389D1A66716C00966A82 /* Build configuration list for PBXNativeTarget "SecuOTP Application" */;
			buildPhases = (
				4741387A1A66716B00966A82 /* Sources */,
				4741387B1A66716B00966A82 /* Frameworks */,
				4741387C1A66716B00966A82 /* Resources */,
			);
			buildRules = (
			);
			dependencies = (
			);
			name = "SecuOTP Application";
			productName = "SecuOTP Application";
			productReference = 4741387E1A66716B00966A82 /* SecuOTP Application.app */;
			productType = "com.apple.product-type.application";
		};
		474138921A66716C00966A82 /* SecuOTP ApplicationTests */ = {
			isa = PBXNativeTarget;
			buildConfigurationList = 474138A01A66716C00966A82 /* Build configuration list for PBXNativeTarget "SecuOTP ApplicationTests" */;
			buildPhases = (
				4741388F1A66716C00966A82 /* Sources */,
				474138901A66716C00966A82 /* Frameworks */,
				474138911A66716C00966A82 /* Resources */,
			);
			buildRules = (
			);
			dependencies = (
				474138951A66716C00966A82 /* PBXTargetDependency */,
			);
			name = "SecuOTP ApplicationTests";
			productName = "SecuOTP ApplicationTests";
			productReference = 474138931A66716C00966A82 /* SecuOTP ApplicationTests.xctest */;
			productType = "com.apple.product-type.bundle.unit-test";
		};
/* End PBXNativeTarget section */

/* Begin PBXProject section */
		474138761A66716B00966A82 /* Project object */ = {
			isa = PBXProject;
			attributes = {
				LastUpgradeCheck = 0610;
				ORGANIZATIONNAME = SecuOTP;
				TargetAttributes = {
					4741387D1A66716B00966A82 = {
						CreatedOnToolsVersion = 6.1.1;
					};
					474138921A66716C00966A82 = {
						CreatedOnToolsVersion = 6.1.1;
						TestTargetID = 4741387D1A66716B00966A82;
					};
				};
			};
			buildConfigurationList = 474138791A66716B00966A82 /* Build configuration list for PBXProject "SecuOTP Application" */;
			compatibilityVersion = "Xcode 3.2";
			developmentRegion = English;
			hasScannedForEncodings = 0;
			knownRegions = (
				en,
				Base,
			);
			mainGroup = 474138751A66716B00966A82;
			productRefGroup = 4741387F1A66716B00966A82 /* Products */;
			projectDirPath = "";
			projectRoot = "";
			targets = (
				4741387D1A66716B00966A82 /* SecuOTP Application */,
				474138921A66716C00966A82 /* SecuOTP ApplicationTests */,
			);
		};
/* End PBXProject section */

/* Begin PBXResourcesBuildPhase section */
		4741387C1A66716B00966A82 /* Resources */ = {
			isa = PBXResourcesBuildPhase;
			buildActionMask = 2147483647;
			files = (
				473293FE1A8A1F9A00B6F3F4 /* DataSotrage.plist in Resources */,
				474138891A66716B00966A82 /* Main.storyboard in Resources */,
				4741388B1A66716B00966A82 /* Images.xcassets in Resources */,
			);
			runOnlyForDeploymentPostprocessing = 0;
		};
		474138911A66716C00966A82 /* Resources */ = {
			isa = PBXResourcesBuildPhase;
			buildActionMask = 2147483647;
			files = (
			);
			runOnlyForDeploymentPostprocessing = 0;
		};
/* End PBXResourcesBuildPhase section */

/* Begin PBXSourcesBuildPhase section */
		4741387A1A66716B00966A82 /* Sources */ = {
			isa = PBXSourcesBuildPhase;
			buildActionMask = 2147483647;
			files = (
				47BE8E681A8A91AA00047FDF /* ResponsiveTextFieldViewController.swift in Sources */,
				473294001A8A229000B6F3F4 /* PlistStream.swift in Sources */,
				47C12F431A8BE12E00D7B486 /* CreatePasswordController.swift in Sources */,
				474138861A66716B00966A82 /* LoginViewController.swift in Sources */,
				474138841A66716B00966A82 /* AppDelegate.swift in Sources */,
			);
			runOnlyForDeploymentPostprocessing = 0;
		};
		4741388F1A66716C00966A82 /* Sources */ = {
			isa = PBXSourcesBuildPhase;
			buildActionMask = 2147483647;
			files = (
				4741389A1A66716C00966A82 /* SecuOTP_ApplicationTests.swift in Sources */,
			);
			runOnlyForDeploymentPostprocessing = 0;
		};
/* End PBXSourcesBuildPhase section */

/* Begin PBXTargetDependency section */
		474138951A66716C00966A82 /* PBXTargetDependency */ = {
			isa = PBXTargetDependency;
			target = 4741387D1A66716B00966A82 /* SecuOTP Application */;
			targetProxy = 474138941A66716C00966A82 /* PBXContainerItemProxy */;
		};
/* End PBXTargetDependency section */

/* Begin PBXVariantGroup section */
		474138871A66716B00966A82 /* Main.storyboard */ = {
			isa = PBXVariantGroup;
			children = (
				474138881A66716B00966A82 /* Base */,
			);
			name = Main.storyboard;
			sourceTree = "<group>";
		};
/* End PBXVariantGroup section */

/* Begin XCBuildConfiguration section */
		4741389B1A66716C00966A82 /* Debug */ = {
			isa = XCBuildConfiguration;
			buildSettings = {
				ALWAYS_SEARCH_USER_PATHS = NO;
				CLANG_CXX_LANGUAGE_STANDARD = "gnu++0x";
				CLANG_CXX_LIBRARY = "libc++";
				CLANG_ENABLE_MODULES = YES;
				CLANG_ENABLE_OBJC_ARC = YES;
				CLANG_WARN_BOOL_CONVERSION = YES;
				CLANG_WARN_CONSTANT_CONVERSION = YES;
				CLANG_WARN_DIRECT_OBJC_ISA_USAGE = YES_ERROR;
				CLANG_WARN_EMPTY_BODY = YES;
				CLANG_WARN_ENUM_CONVERSION = YES;
				CLANG_WARN_INT_CONVERSION = YES;
				CLANG_WARN_OBJC_ROOT_CLASS = YES_ERROR;
				CLANG_WARN_UNREACHABLE_CODE = YES;
				CLANG_WARN__DUPLICATE_METHOD_MATCH = YES;
				"CODE_SIGN_IDENTITY[sdk=iphoneos*]" = "iPhone Developer";
				COPY_PHASE_STRIP = NO;
				ENABLE_STRICT_OBJC_MSGSEND = YES;
				GCC_C_LANGUAGE_STANDARD = gnu99;
				GCC_DYNAMIC_NO_PIC = NO;
				GCC_OPTIMIZATION_LEVEL = 0;
				GCC_PREPROCESSOR_DEFINITIONS = (
					"DEBUG=1",
					"$(inherited)",
				);
				GCC_SYMBOLS_PRIVATE_EXTERN = NO;
				GCC_WARN_64_TO_32_BIT_CONVERSION = YES;
				GCC_WARN_ABOUT_RETURN_TYPE = YES_ERROR;
				GCC_WARN_UNDECLARED_SELECTOR = YES;
				GCC_WARN_UNINITIALIZED_AUTOS = YES_AGGRESSIVE;
				GCC_WARN_UNUSED_FUNCTION = YES;
				GCC_WARN_UNUSED_VARIABLE = YES;
				IPHONEOS_DEPLOYMENT_TARGET = 8.1;
				MTL_ENABLE_DEBUG_INFO = YES;
				ONLY_ACTIVE_ARCH = YES;
				SDKROOT = iphoneos;
				SWIFT_OPTIMIZATION_LEVEL = "-Onone";
			};
			name = Debug;
		};
		4741389C1A66716C00966A82 /* Release */ = {
			isa = XCBuildConfiguration;
			buildSettings = {
				ALWAYS_SEARCH_USER_PATHS = NO;
				CLANG_CXX_LANGUAGE_STANDARD = "gnu++0x";
				CLANG_CXX_LIBRARY = "libc++";
				CLANG_ENABLE_MODULES = YES;
				CLANG_ENABLE_OBJC_ARC = YES;
				CLANG_WARN_BOOL_CONVERSION = YES;
				CLANG_WARN_CONSTANT_CONVERSION = YES;
				CLANG_WARN_DIRECT_OBJC_ISA_USAGE = YES_ERROR;
				CLANG_WARN_EMPTY_BODY = YES;
				CLANG_WARN_ENUM_CONVERSION = YES;
				CLANG_WARN_INT_CONVERSION = YES;
				CLANG_WARN_OBJC_ROOT_CLASS = YES_ERROR;
				CLANG_WARN_UNREACHABLE_CODE = YES;
				CLANG_WARN__DUPLICATE_METHOD_MATCH = YES;
				"CODE_SIGN_IDENTITY[sdk=iphoneos*]" = "iPhone Developer";
				COPY_PHASE_STRIP = YES;
				ENABLE_NS_ASSERTIONS = NO;
				ENABLE_STRICT_OBJC_MSGSEND = YES;
				GCC_C_LANGUAGE_STANDARD = gnu99;
				GCC_WARN_64_TO_32_BIT_CONVERSION = YES;
				GCC_WARN_ABOUT_RETURN_TYPE = YES_ERROR;
				GCC_WARN_UNDECLARED_SELECTOR = YES;
				GCC_WARN_UNINITIALIZED_AUTOS = YES_AGGRESSIVE;
				GCC_WARN_UNUSED_FUNCTION = YES;
				GCC_WARN_UNUSED_VARIABLE = YES;
				IPHONEOS_DEPLOYMENT_TARGET = 8.1;
				MTL_ENABLE_DEBUG_INFO = NO;
				SDKROOT = iphoneos;
				VALIDATE_PRODUCT = YES;
			};
			name = Release;
		};
		4741389E1A66716C00966A82 /* Debug */ = {
			isa = XCBuildConfiguration;
			buildSettings = {
				ASSETCATALOG_COMPILER_APPICON_NAME = AppIcon;
				ASSETCATALOG_COMPILER_LAUNCHIMAGE_NAME = LaunchImage;
				INFOPLIST_FILE = "SecuOTP Application/Info.plist";
				IPHONEOS_DEPLOYMENT_TARGET = 8.1;
				LD_RUNPATH_SEARCH_PATHS = "$(inherited) @executable_path/Frameworks";
				PRODUCT_NAME = "$(TARGET_NAME)";
				TARGETED_DEVICE_FAMILY = "1,2";
			};
			name = Debug;
		};
		4741389F1A66716C00966A82 /* Release */ = {
			isa = XCBuildConfiguration;
			buildSettings = {
				ASSETCATALOG_COMPILER_APPICON_NAME = AppIcon;
				ASSETCATALOG_COMPILER_LAUNCHIMAGE_NAME = LaunchImage;
				INFOPLIST_FILE = "SecuOTP Application/Info.plist";
				IPHONEOS_DEPLOYMENT_TARGET = 8.1;
				LD_RUNPATH_SEARCH_PATHS = "$(inherited) @executable_path/Frameworks";
				PRODUCT_NAME = "$(TARGET_NAME)";
				TARGETED_DEVICE_FAMILY = "1,2";
			};
			name = Release;
		};
		474138A11A66716C00966A82 /* Debug */ = {
			isa = XCBuildConfiguration;
			buildSettings = {
				BUNDLE_LOADER = "$(TEST_HOST)";
				FRAMEWORK_SEARCH_PATHS = (
					"$(SDKROOT)/Developer/Library/Frameworks",
					"$(inherited)",
				);
				GCC_PREPROCESSOR_DEFINITIONS = (
					"DEBUG=1",
					"$(inherited)",
				);
				INFOPLIST_FILE = "SecuOTP ApplicationTests/Info.plist";
				LD_RUNPATH_SEARCH_PATHS = "$(inherited) @executable_path/Frameworks @loader_path/Frameworks";
				PRODUCT_NAME = "$(TARGET_NAME)";
				TEST_HOST = "$(BUILT_PRODUCTS_DIR)/SecuOTP Application.app/SecuOTP Application";
			};
			name = Debug;
		};
		474138A21A66716C00966A82 /* Release */ = {
			isa = XCBuildConfiguration;
			buildSettings = {
				BUNDLE_LOADER = "$(TEST_HOST)";
				FRAMEWORK_SEARCH_PATHS = (
					"$(SDKROOT)/Developer/Library/Frameworks",
					"$(inherited)",
				);
				INFOPLIST_FILE = "SecuOTP ApplicationTests/Info.plist";
				LD_RUNPATH_SEARCH_PATHS = "$(inherited) @executable_path/Frameworks @loader_path/Frameworks";
				PRODUCT_NAME = "$(TARGET_NAME)";
				TEST_HOST = "$(BUILT_PRODUCTS_DIR)/SecuOTP Application.app/SecuOTP Application";
			};
			name = Release;
		};
/* End XCBuildConfiguration section */

/* Begin XCConfigurationList section */
		474138791A66716B00966A82 /* Build configuration list for PBXProject "SecuOTP Application" */ = {
			isa = XCConfigurationList;
			buildConfigurations = (
				4741389B1A66716C00966A82 /* Debug */,
				4741389C1A66716C00966A82 /* Release */,
			);
			defaultConfigurationIsVisible = 0;
			defaultConfigurationName = Release;
		};
		4741389D1A66716C00966A82 /* Build configuration list for PBXNativeTarget "SecuOTP Application" */ = {
			isa = XCConfigurationList;
			buildConfigurations = (
				4741389E1A66716C00966A82 /* Debug */,
				4741389F1A66716C00966A82 /* Release */,
			);
			defaultConfigurationIsVisible = 0;
			defaultConfigurationName = Release;
		};
		474138A01A66716C00966A82 /* Build configuration list for PBXNativeTarget "SecuOTP ApplicationTests" */ = {
			isa = XCConfigurationList;
			buildConfigurations = (
				474138A11A66716C00966A82 /* Debug */,
				474138A21A66716C00966A82 /* Release */,
			);
			defaultConfigurationIsVisible = 0;
			defaultConfigurationName = Release;
		};
/* End XCConfigurationList section */
	};
	rootObject = 474138761A66716B00966A82 /* Project object */;
}
